{
  "name": "arguments-parser",
  "version": "2.0.0",
  "lockfileVersion": 1,
  "requires": true,
  "dependencies": {
    "node-coolors": {
      "version": "1.0.4",
      "resolved": "https://registry.npmjs.org/node-coolors/-/node-coolors-1.0.4.tgz",
      "integrity": "sha512-Ysc2QZpei1bONMvwlBl7jZLxv9BBCq4z0EP5bo7xNAjrzsoVN3PzXJouOkmO1gjDMIgwrUJhzKvSiLEX/l8iUw=="
    }
  }
}
